
Microsoft Visual Studio Solution File, Format Version 12.00
# Visual Studio Version 17
VisualStudioVersion = 17.7.34031.279
MinimumVisualStudioVersion = 10.0.40219.1
Project("{FAE04EC0-301F-11D3-BF4B-00C04F79EFBC}") = "praktikum", "praktikum\praktikum.csproj", "{BC1DE610-B7EC-42E8-BCA8-B8623A186364}"
EndProject
Global
	GlobalSection(SolutionConfigurationPlatforms) = preSolution
		Debug|Any CPU = Debug|Any CPU
		Release|Any CPU = Release|Any CPU
	EndGlobalSection
	GlobalSection(ProjectConfigurationPlatforms) = postSolution
		{BC1DE610-B7EC-42E8-BCA8-B8623A186364}.Debug|Any CPU.ActiveCfg = Debug|Any CPU
		{BC1DE610-B7EC-42E8-BCA8-B8623A186364}.Debug|Any CPU.Build.0 = Debug|Any CPU
		{BC1DE610-B7EC-42E8-BCA8-B8623A186364}.Release|Any CPU.ActiveCfg = Release|Any CPU
		{BC1DE610-B7EC-42E8-BCA8-B8623A186364}.Release|Any CPU.Build.0 = Release|Any CPU
	EndGlobalSection
	GlobalSection(SolutionProperties) = preSolution
		HideSolutionNode = FALSE
	EndGlobalSection
	GlobalSection(ExtensibilityGlobals) = postSolution
		SolutionGuid = {5163EFCA-B3EE-4AE1-B07B-4802AFF2AC53}
	EndGlobalSection
EndGlobal
